<Solution>
  <Folder Name="/src/">
    <Project Path="src/ClaudeMonitor.Agent/ClaudeMonitor.Agent.csproj" />
    <Project Path="src/ClaudeMonitor.Api/ClaudeMonitor.Api.csproj" />
    <Project Path="src/ClaudeMonitor.Contracts/ClaudeMonitor.Contracts.csproj" />
  </Folder>
  <Folder Name="/tests/">
    <Project Path="tests/ClaudeMonitor.Agent.Tests/ClaudeMonitor.Agent.Tests.csproj" />
    <Project Path="tests/ClaudeMonitor.Api.Tests/ClaudeMonitor.Api.Tests.csproj" />
  </Folder>
</Solution>
